
Microsoft Visual Studio Solution File, Format Version 12.00
# Visual Studio Version 17
VisualStudioVersion = 17.3.32929.385
MinimumVisualStudioVersion = 10.0.40219.1
Project("{FAE04EC0-301F-11D3-BF4B-00C04F79EFBC}") = "Activity 2 Temp Converter", "Activity 2 Temp Converter\Activity 2 Temp Converter.csproj", "{F248FBA3-B374-4484-925D-D7BF2734473B}"
EndProject
Global
	GlobalSection(SolutionConfigurationPlatforms) = preSolution
		Debug|Any CPU = Debug|Any CPU
		Release|Any CPU = Release|Any CPU
	EndGlobalSection
	GlobalSection(ProjectConfigurationPlatforms) = postSolution
		{F248FBA3-B374-4484-925D-D7BF2734473B}.Debug|Any CPU.ActiveCfg = Debug|Any CPU
		{F248FBA3-B374-4484-925D-D7BF2734473B}.Debug|Any CPU.Build.0 = Debug|Any CPU
		{F248FBA3-B374-4484-925D-D7BF2734473B}.Release|Any CPU.ActiveCfg = Release|Any CPU
		{F248FBA3-B374-4484-925D-D7BF2734473B}.Release|Any CPU.Build.0 = Release|Any CPU
	EndGlobalSection
	GlobalSection(SolutionProperties) = preSolution
		HideSolutionNode = FALSE
	EndGlobalSection
	GlobalSection(ExtensibilityGlobals) = postSolution
		SolutionGuid = {F3473C5A-0F7A-4A08-805C-EE235806F754}
	EndGlobalSection
EndGlobal
